
Microsoft Visual Studio Solution File, Format Version 12.00
# Visual Studio Version 17
VisualStudioVersion = 17.0.31423.177
MinimumVisualStudioVersion = 10.0.40219.1
Project("{2150E333-8FDC-42A3-9474-1A3956D46DE8}") = "Solution Items", "Solution Items", "{88CD8C3A-64C5-4E78-8FE3-4B84C3AC773F}"
	ProjectSection(SolutionItems) = preProject
		Ideas.txt = Ideas.txt
	EndProjectSection
EndProject
Project("{9A19103F-16F7-4668-BE54-9A1E7A4F7556}") = "VideoStreamer.Data", "VideoStreamer.Data\VideoStreamer.Data.csproj", "{04DBAC1B-E6C8-43BC-B5E1-F0191FB110C3}"
EndProject
Project("{9A19103F-16F7-4668-BE54-9A1E7A4F7556}") = "VideoStreamer.Domain", "VideoStreamer.Domain\VideoStreamer.Domain.csproj", "{20E51BA8-8BBE-4021-9E7D-9B06BA35D657}"
EndProject
Project("{9A19103F-16F7-4668-BE54-9A1E7A4F7556}") = "VideoStreamer.API", "VideoStreamer.API\VideoStreamer.API.csproj", "{2FE511CF-B55C-452D-9E4E-C3E6CBA03E5C}"
EndProject
Project("{9A19103F-16F7-4668-BE54-9A1E7A4F7556}") = "VideoStreamer.Application", "VideoStreamer.Application\VideoStreamer.Application.csproj", "{BCBBC62F-DF79-4709-BDDC-B3D652DFBF44}"
EndProject
Project("{9A19103F-16F7-4668-BE54-9A1E7A4F7556}") = "VideoStreamer.Bootstrapper", "VideoStreamer.Bootstrapper\VideoStreamer.Bootstrapper.csproj", "{477B609E-F224-45F2-8D60-81CDDCF4C3C8}"
EndProject
Global
	GlobalSection(SolutionConfigurationPlatforms) = preSolution
		Debug|Any CPU = Debug|Any CPU
		Release|Any CPU = Release|Any CPU
	EndGlobalSection
	GlobalSection(ProjectConfigurationPlatforms) = postSolution
		{04DBAC1B-E6C8-43BC-B5E1-F0191FB110C3}.Debug|Any CPU.ActiveCfg = Debug|Any CPU
		{04DBAC1B-E6C8-43BC-B5E1-F0191FB110C3}.Debug|Any CPU.Build.0 = Debug|Any CPU
		{04DBAC1B-E6C8-43BC-B5E1-F0191FB110C3}.Release|Any CPU.ActiveCfg = Release|Any CPU
		{04DBAC1B-E6C8-43BC-B5E1-F0191FB110C3}.Release|Any CPU.Build.0 = Release|Any CPU
		{20E51BA8-8BBE-4021-9E7D-9B06BA35D657}.Debug|Any CPU.ActiveCfg = Debug|Any CPU
		{20E51BA8-8BBE-4021-9E7D-9B06BA35D657}.Debug|Any CPU.Build.0 = Debug|Any CPU
		{20E51BA8-8BBE-4021-9E7D-9B06BA35D657}.Release|Any CPU.ActiveCfg = Release|Any CPU
		{20E51BA8-8BBE-4021-9E7D-9B06BA35D657}.Release|Any CPU.Build.0 = Release|Any CPU
		{2FE511CF-B55C-452D-9E4E-C3E6CBA03E5C}.Debug|Any CPU.ActiveCfg = Debug|Any CPU
		{2FE511CF-B55C-452D-9E4E-C3E6CBA03E5C}.Debug|Any CPU.Build.0 = Debug|Any CPU
		{2FE511CF-B55C-452D-9E4E-C3E6CBA03E5C}.Release|Any CPU.ActiveCfg = Release|Any CPU
		{2FE511CF-B55C-452D-9E4E-C3E6CBA03E5C}.Release|Any CPU.Build.0 = Release|Any CPU
		{BCBBC62F-DF79-4709-BDDC-B3D652DFBF44}.Debug|Any CPU.ActiveCfg = Debug|Any CPU
		{BCBBC62F-DF79-4709-BDDC-B3D652DFBF44}.Debug|Any CPU.Build.0 = Debug|Any CPU
		{BCBBC62F-DF79-4709-BDDC-B3D652DFBF44}.Release|Any CPU.ActiveCfg = Release|Any CPU
		{BCBBC62F-DF79-4709-BDDC-B3D652DFBF44}.Release|Any CPU.Build.0 = Release|Any CPU
		{477B609E-F224-45F2-8D60-81CDDCF4C3C8}.Debug|Any CPU.ActiveCfg = Debug|Any CPU
		{477B609E-F224-45F2-8D60-81CDDCF4C3C8}.Debug|Any CPU.Build.0 = Debug|Any CPU
		{477B609E-F224-45F2-8D60-81CDDCF4C3C8}.Release|Any CPU.ActiveCfg = Release|Any CPU
		{477B609E-F224-45F2-8D60-81CDDCF4C3C8}.Release|Any CPU.Build.0 = Release|Any CPU
	EndGlobalSection
	GlobalSection(SolutionProperties) = preSolution
		HideSolutionNode = FALSE
	EndGlobalSection
	GlobalSection(ExtensibilityGlobals) = postSolution
		SolutionGuid = {7ECF7411-E622-46D1-9F47-76893D39035B}
	EndGlobalSection
EndGlobal
