
Microsoft Visual Studio Solution File, Format Version 12.00
# Visual Studio Version 17
VisualStudioVersion = 17.0.31423.177
MinimumVisualStudioVersion = 10.0.40219.1
Project("{2150E333-8FDC-42A3-9474-1A3956D46DE8}") = "Solution Items", "Solution Items", "{88CD8C3A-64C5-4E78-8FE3-4B84C3AC773F}"
	ProjectSection(SolutionItems) = preProject
		Ideas.txt = Ideas.txt
	EndProjectSection
EndProject
Project("{9A19103F-16F7-4668-BE54-9A1E7A4F7556}") = "VideoStreamer.Domain", "VideoStreamer.Domain\VideoStreamer.Domain.csproj", "{20E51BA8-8BBE-4021-9E7D-9B06BA35D657}"
EndProject
Project("{9A19103F-16F7-4668-BE54-9A1E7A4F7556}") = "VideoStreamer.Application", "VideoStreamer.Application\VideoStreamer.Application.csproj", "{BCBBC62F-DF79-4709-BDDC-B3D652DFBF44}"
EndProject
Project("{9A19103F-16F7-4668-BE54-9A1E7A4F7556}") = "VideoStreamer.Bootstrapper", "VideoStreamer.Bootstrapper\VideoStreamer.Bootstrapper.csproj", "{477B609E-F224-45F2-8D60-81CDDCF4C3C8}"
EndProject
Project("{9A19103F-16F7-4668-BE54-9A1E7A4F7556}") = "VideoStreamer.Infrastructure", "VideoStreamer.Infrastructure\VideoStreamer.Infrastructure.csproj", "{F35067EE-F480-405B-8594-C1D52635F653}"
EndProject
Project("{9A19103F-16F7-4668-BE54-9A1E7A4F7556}") = "Temp.Api", "Temp.Api\Temp.Api.csproj", "{330395EA-2148-4011-898D-94169B101779}"
EndProject
Project("{FAE04EC0-301F-11D3-BF4B-00C04F79EFBC}") = "VideoStreamer.API", "VideoStreamer.API\VideoStreamer.API.csproj", "{71514E60-D7A2-423E-AE7E-844A297BB0FA}"
EndProject
Global
	GlobalSection(SolutionConfigurationPlatforms) = preSolution
		Debug|Any CPU = Debug|Any CPU
		Release|Any CPU = Release|Any CPU
	EndGlobalSection
	GlobalSection(ProjectConfigurationPlatforms) = postSolution
		{20E51BA8-8BBE-4021-9E7D-9B06BA35D657}.Debug|Any CPU.ActiveCfg = Debug|Any CPU
		{20E51BA8-8BBE-4021-9E7D-9B06BA35D657}.Debug|Any CPU.Build.0 = Debug|Any CPU
		{20E51BA8-8BBE-4021-9E7D-9B06BA35D657}.Release|Any CPU.ActiveCfg = Release|Any CPU
		{20E51BA8-8BBE-4021-9E7D-9B06BA35D657}.Release|Any CPU.Build.0 = Release|Any CPU
		{BCBBC62F-DF79-4709-BDDC-B3D652DFBF44}.Debug|Any CPU.ActiveCfg = Debug|Any CPU
		{BCBBC62F-DF79-4709-BDDC-B3D652DFBF44}.Debug|Any CPU.Build.0 = Debug|Any CPU
		{BCBBC62F-DF79-4709-BDDC-B3D652DFBF44}.Release|Any CPU.ActiveCfg = Release|Any CPU
		{BCBBC62F-DF79-4709-BDDC-B3D652DFBF44}.Release|Any CPU.Build.0 = Release|Any CPU
		{477B609E-F224-45F2-8D60-81CDDCF4C3C8}.Debug|Any CPU.ActiveCfg = Debug|Any CPU
		{477B609E-F224-45F2-8D60-81CDDCF4C3C8}.Debug|Any CPU.Build.0 = Debug|Any CPU
		{477B609E-F224-45F2-8D60-81CDDCF4C3C8}.Release|Any CPU.ActiveCfg = Release|Any CPU
		{477B609E-F224-45F2-8D60-81CDDCF4C3C8}.Release|Any CPU.Build.0 = Release|Any CPU
		{F35067EE-F480-405B-8594-C1D52635F653}.Debug|Any CPU.ActiveCfg = Debug|Any CPU
		{F35067EE-F480-405B-8594-C1D52635F653}.Debug|Any CPU.Build.0 = Debug|Any CPU
		{F35067EE-F480-405B-8594-C1D52635F653}.Release|Any CPU.ActiveCfg = Release|Any CPU
		{F35067EE-F480-405B-8594-C1D52635F653}.Release|Any CPU.Build.0 = Release|Any CPU
		{330395EA-2148-4011-898D-94169B101779}.Debug|Any CPU.ActiveCfg = Debug|Any CPU
		{330395EA-2148-4011-898D-94169B101779}.Debug|Any CPU.Build.0 = Debug|Any CPU
		{330395EA-2148-4011-898D-94169B101779}.Release|Any CPU.ActiveCfg = Release|Any CPU
		{330395EA-2148-4011-898D-94169B101779}.Release|Any CPU.Build.0 = Release|Any CPU
		{71514E60-D7A2-423E-AE7E-844A297BB0FA}.Debug|Any CPU.ActiveCfg = Debug|Any CPU
		{71514E60-D7A2-423E-AE7E-844A297BB0FA}.Debug|Any CPU.Build.0 = Debug|Any CPU
		{71514E60-D7A2-423E-AE7E-844A297BB0FA}.Release|Any CPU.ActiveCfg = Release|Any CPU
		{71514E60-D7A2-423E-AE7E-844A297BB0FA}.Release|Any CPU.Build.0 = Release|Any CPU
	EndGlobalSection
	GlobalSection(SolutionProperties) = preSolution
		HideSolutionNode = FALSE
	EndGlobalSection
	GlobalSection(ExtensibilityGlobals) = postSolution
		SolutionGuid = {7ECF7411-E622-46D1-9F47-76893D39035B}
	EndGlobalSection
EndGlobal
