
Microsoft Visual Studio Solution File, Format Version 12.00
# Visual Studio Version 17
VisualStudioVersion = 17.9.34902.65
MinimumVisualStudioVersion = 10.0.40219.1
Project("{FAE04EC0-301F-11D3-BF4B-00C04F79EFBC}") = "NamedPipeListener", "NamedPipeListener\NamedPipeListener.csproj", "{539AFB71-3C67-4C3A-A6DD-571246A94786}"
EndProject
Project("{FAE04EC0-301F-11D3-BF4B-00C04F79EFBC}") = "NamedPipeSender", "NamedPipeSender\NamedPipeSender.csproj", "{E4C585D3-9922-4894-9CBE-48CA1084F671}"
EndProject
Global
	GlobalSection(SolutionConfigurationPlatforms) = preSolution
		Debug|Any CPU = Debug|Any CPU
		Release|Any CPU = Release|Any CPU
	EndGlobalSection
	GlobalSection(ProjectConfigurationPlatforms) = postSolution
		{539AFB71-3C67-4C3A-A6DD-571246A94786}.Debug|Any CPU.ActiveCfg = Debug|Any CPU
		{539AFB71-3C67-4C3A-A6DD-571246A94786}.Debug|Any CPU.Build.0 = Debug|Any CPU
		{539AFB71-3C67-4C3A-A6DD-571246A94786}.Release|Any CPU.ActiveCfg = Release|Any CPU
		{539AFB71-3C67-4C3A-A6DD-571246A94786}.Release|Any CPU.Build.0 = Release|Any CPU
		{E4C585D3-9922-4894-9CBE-48CA1084F671}.Debug|Any CPU.ActiveCfg = Debug|Any CPU
		{E4C585D3-9922-4894-9CBE-48CA1084F671}.Debug|Any CPU.Build.0 = Debug|Any CPU
		{E4C585D3-9922-4894-9CBE-48CA1084F671}.Release|Any CPU.ActiveCfg = Release|Any CPU
		{E4C585D3-9922-4894-9CBE-48CA1084F671}.Release|Any CPU.Build.0 = Release|Any CPU
	EndGlobalSection
	GlobalSection(SolutionProperties) = preSolution
		HideSolutionNode = FALSE
	EndGlobalSection
	GlobalSection(ExtensibilityGlobals) = postSolution
		SolutionGuid = {60BF807F-C98A-42A5-887D-0FA7448E167A}
	EndGlobalSection
EndGlobal
