
Microsoft Visual Studio Solution File, Format Version 12.00
# Visual Studio Version 17
VisualStudioVersion = 17.9.34622.214
MinimumVisualStudioVersion = 10.0.40219.1
Project("{FAE04EC0-301F-11D3-BF4B-00C04F79EFBC}") = "Ar.Web", "Ar.Web.csproj", "{6217AE15-89AC-4636-BCE5-9CBB91B1A714}"
EndProject
Global
	GlobalSection(SolutionConfigurationPlatforms) = preSolution
		Debug|Any CPU = Debug|Any CPU
		Release|Any CPU = Release|Any CPU
	EndGlobalSection
	GlobalSection(ProjectConfigurationPlatforms) = postSolution
		{6217AE15-89AC-4636-BCE5-9CBB91B1A714}.Debug|Any CPU.ActiveCfg = Debug|Any CPU
		{6217AE15-89AC-4636-BCE5-9CBB91B1A714}.Debug|Any CPU.Build.0 = Debug|Any CPU
		{6217AE15-89AC-4636-BCE5-9CBB91B1A714}.Release|Any CPU.ActiveCfg = Release|Any CPU
		{6217AE15-89AC-4636-BCE5-9CBB91B1A714}.Release|Any CPU.Build.0 = Release|Any CPU
	EndGlobalSection
	GlobalSection(SolutionProperties) = preSolution
		HideSolutionNode = FALSE
	EndGlobalSection
	GlobalSection(ExtensibilityGlobals) = postSolution
		SolutionGuid = {DC6A8A89-A9E4-420D-A3AF-88499B8A5C44}
	EndGlobalSection
EndGlobal
