
Microsoft Visual Studio Solution File, Format Version 12.00
# Visual Studio Version 17
VisualStudioVersion = 17.9.34902.65
MinimumVisualStudioVersion = 10.0.40219.1
Project("{FAE04EC0-301F-11D3-BF4B-00C04F79EFBC}") = "AdApp", "AdApp\AdApp.csproj", "{A59F3EF4-0433-4CC7-8233-A82CD2995519}"
EndProject
Global
	GlobalSection(SolutionConfigurationPlatforms) = preSolution
		Debug|Any CPU = Debug|Any CPU
		Release|Any CPU = Release|Any CPU
	EndGlobalSection
	GlobalSection(ProjectConfigurationPlatforms) = postSolution
		{A59F3EF4-0433-4CC7-8233-A82CD2995519}.Debug|Any CPU.ActiveCfg = Debug|Any CPU
		{A59F3EF4-0433-4CC7-8233-A82CD2995519}.Debug|Any CPU.Build.0 = Debug|Any CPU
		{A59F3EF4-0433-4CC7-8233-A82CD2995519}.Release|Any CPU.ActiveCfg = Release|Any CPU
		{A59F3EF4-0433-4CC7-8233-A82CD2995519}.Release|Any CPU.Build.0 = Release|Any CPU
	EndGlobalSection
	GlobalSection(SolutionProperties) = preSolution
		HideSolutionNode = FALSE
	EndGlobalSection
	GlobalSection(ExtensibilityGlobals) = postSolution
		SolutionGuid = {AB87CE1F-A8A7-4DB4-9773-96D678572886}
	EndGlobalSection
EndGlobal
