
Microsoft Visual Studio Solution File, Format Version 12.00
# Visual Studio Version 17
VisualStudioVersion = 17.9.34902.65
MinimumVisualStudioVersion = 10.0.40219.1
Project("{2150E333-8FDC-42A3-9474-1A3956D46DE8}") = "Solution Items", "Solution Items", "{1E630110-30A4-42E1-A748-1488934345A3}"
	ProjectSection(SolutionItems) = preProject
		DesignGoals.txt = DesignGoals.txt
	EndProjectSection
EndProject
Project("{9A19103F-16F7-4668-BE54-9A1E7A4F7556}") = "Sync.Engine", "Sync.Engine\Sync.Engine.csproj", "{9CDE06C1-20C6-4A88-9B26-4711CACDE498}"
EndProject
Project("{9A19103F-16F7-4668-BE54-9A1E7A4F7556}") = "Sync.SqlServer", "Sync.SqlServer\Sync.SqlServer.csproj", "{DA12004F-3E57-4F77-8C8F-9B8872ABA1BF}"
EndProject
Project("{9A19103F-16F7-4668-BE54-9A1E7A4F7556}") = "Sync.Client", "Sync.Client\Sync.Client.csproj", "{9806ACCA-4471-4595-ABB1-3549FE0747FB}"
EndProject
Project("{9A19103F-16F7-4668-BE54-9A1E7A4F7556}") = "Sync.Bootstrapper", "Sync.Bootstrapper\Sync.Bootstrapper.csproj", "{282BA56D-DCC8-4BDC-B50D-8422C987CD39}"
EndProject
Project("{FAE04EC0-301F-11D3-BF4B-00C04F79EFBC}") = "Sync.CommandLine", "Sync.CommandLine\Sync.CommandLine.csproj", "{425CD8B9-852D-4FF0-8EE8-15911E294B55}"
EndProject
Global
	GlobalSection(SolutionConfigurationPlatforms) = preSolution
		Debug|Any CPU = Debug|Any CPU
		Release|Any CPU = Release|Any CPU
	EndGlobalSection
	GlobalSection(ProjectConfigurationPlatforms) = postSolution
		{9CDE06C1-20C6-4A88-9B26-4711CACDE498}.Debug|Any CPU.ActiveCfg = Debug|Any CPU
		{9CDE06C1-20C6-4A88-9B26-4711CACDE498}.Debug|Any CPU.Build.0 = Debug|Any CPU
		{9CDE06C1-20C6-4A88-9B26-4711CACDE498}.Release|Any CPU.ActiveCfg = Release|Any CPU
		{9CDE06C1-20C6-4A88-9B26-4711CACDE498}.Release|Any CPU.Build.0 = Release|Any CPU
		{DA12004F-3E57-4F77-8C8F-9B8872ABA1BF}.Debug|Any CPU.ActiveCfg = Debug|Any CPU
		{DA12004F-3E57-4F77-8C8F-9B8872ABA1BF}.Debug|Any CPU.Build.0 = Debug|Any CPU
		{DA12004F-3E57-4F77-8C8F-9B8872ABA1BF}.Release|Any CPU.ActiveCfg = Release|Any CPU
		{DA12004F-3E57-4F77-8C8F-9B8872ABA1BF}.Release|Any CPU.Build.0 = Release|Any CPU
		{9806ACCA-4471-4595-ABB1-3549FE0747FB}.Debug|Any CPU.ActiveCfg = Debug|Any CPU
		{9806ACCA-4471-4595-ABB1-3549FE0747FB}.Debug|Any CPU.Build.0 = Debug|Any CPU
		{9806ACCA-4471-4595-ABB1-3549FE0747FB}.Release|Any CPU.ActiveCfg = Release|Any CPU
		{9806ACCA-4471-4595-ABB1-3549FE0747FB}.Release|Any CPU.Build.0 = Release|Any CPU
		{282BA56D-DCC8-4BDC-B50D-8422C987CD39}.Debug|Any CPU.ActiveCfg = Debug|Any CPU
		{282BA56D-DCC8-4BDC-B50D-8422C987CD39}.Debug|Any CPU.Build.0 = Debug|Any CPU
		{282BA56D-DCC8-4BDC-B50D-8422C987CD39}.Release|Any CPU.ActiveCfg = Release|Any CPU
		{282BA56D-DCC8-4BDC-B50D-8422C987CD39}.Release|Any CPU.Build.0 = Release|Any CPU
		{425CD8B9-852D-4FF0-8EE8-15911E294B55}.Debug|Any CPU.ActiveCfg = Debug|Any CPU
		{425CD8B9-852D-4FF0-8EE8-15911E294B55}.Debug|Any CPU.Build.0 = Debug|Any CPU
		{425CD8B9-852D-4FF0-8EE8-15911E294B55}.Release|Any CPU.ActiveCfg = Release|Any CPU
		{425CD8B9-852D-4FF0-8EE8-15911E294B55}.Release|Any CPU.Build.0 = Release|Any CPU
	EndGlobalSection
	GlobalSection(SolutionProperties) = preSolution
		HideSolutionNode = FALSE
	EndGlobalSection
	GlobalSection(ExtensibilityGlobals) = postSolution
		SolutionGuid = {134407D7-AE7A-4C65-9FDB-531B212A44BD}
	EndGlobalSection
EndGlobal
